
Microsoft Visual Studio Solution File, Format Version 12.00
# Visual Studio Version 16
VisualStudioVersion = 16.0.29318.209
MinimumVisualStudioVersion = 10.0.40219.1
Project("{2150E333-8FDC-42A3-9474-1A3956D46DE8}") = "tests", "tests", "{3512B90C-D6F0-49C8-BB9B-8CA839D51D12}"
EndProject
Project("{9A19103F-16F7-4668-BE54-9A1E7A4F7556}") = "CF.Library.Core.Tests", "Tests\CF.Library.Core.Tests\CF.Library.Core.Tests.csproj", "{3F79DE0B-719A-4A23-A297-4705B32F1F25}"
EndProject
Project("{9A19103F-16F7-4668-BE54-9A1E7A4F7556}") = "CF.Library.Database.Tests", "Tests\CF.Library.Database.Tests\CF.Library.Database.Tests.csproj", "{B20C582A-07DE-45BB-86CC-C6FA8CD7674B}"
EndProject
Project("{9A19103F-16F7-4668-BE54-9A1E7A4F7556}") = "CF.Library.Wpf.Tests", "Tests\CF.Library.Wpf.Tests\CF.Library.Wpf.Tests.csproj", "{896A8786-6724-4AF6-B31F-8C37F3F25EE7}"
EndProject
Project("{2150E333-8FDC-42A3-9474-1A3956D46DE8}") = "src", "src", "{66C1590F-8A55-4823-AB62-99F78BAEE9B9}"
EndProject
Project("{9A19103F-16F7-4668-BE54-9A1E7A4F7556}") = "CF.Library.Bootstrap", "src\CF.Library.Bootstrap\CF.Library.Bootstrap.csproj", "{896803A2-5767-4C36-AB51-52104B583997}"
EndProject
Project("{9A19103F-16F7-4668-BE54-9A1E7A4F7556}") = "CF.Library.Core", "src\CF.Library.Core\CF.Library.Core.csproj", "{5AED1D8C-6582-4806-8D4D-DB8464D3D14A}"
EndProject
Project("{9A19103F-16F7-4668-BE54-9A1E7A4F7556}") = "CF.Library.Configuration", "src\CF.Library.Configuration\CF.Library.Configuration.csproj", "{A1397B60-2495-43C1-AD03-641375E97A12}"
EndProject
Project("{9A19103F-16F7-4668-BE54-9A1E7A4F7556}") = "CF.Library.Database", "src\CF.Library.Database\CF.Library.Database.csproj", "{906D9CFF-086C-4349-80A8-C887A0A78411}"
EndProject
Project("{9A19103F-16F7-4668-BE54-9A1E7A4F7556}") = "CF.Library.Json", "src\CF.Library.Json\CF.Library.Json.csproj", "{834C4CBB-8E7C-4EE4-A990-2ED82A981CF5}"
EndProject
Project("{9A19103F-16F7-4668-BE54-9A1E7A4F7556}") = "CF.Library.Logging", "src\CF.Library.Logging\CF.Library.Logging.csproj", "{682DCCA4-8095-4D43-93AA-5820FBF310CD}"
EndProject
Project("{9A19103F-16F7-4668-BE54-9A1E7A4F7556}") = "CF.Library.Patterns", "src\CF.Library.Patterns\CF.Library.Patterns.csproj", "{68035701-B3DE-4C9B-81EA-01424BEE2D59}"
EndProject
Project("{9A19103F-16F7-4668-BE54-9A1E7A4F7556}") = "CF.Library.Wpf", "src\CF.Library.Wpf\CF.Library.Wpf.csproj", "{59ED9E4F-1518-4966-BABC-75CF77E56810}"
EndProject
Project("{9A19103F-16F7-4668-BE54-9A1E7A4F7556}") = "CF.Library.Logging.Tests", "tests\CF.Library.Logging.Tests\CF.Library.Logging.Tests.csproj", "{7FDD44CB-1B3F-4AA3-AE51-394BCD8D5B86}"
EndProject
Project("{2150E333-8FDC-42A3-9474-1A3956D46DE8}") = "Solution Items", "Solution Items", "{FB061D4D-84F0-4898-960D-8810227DB134}"
	ProjectSection(SolutionItems) = preProject
		Dependencies.props = Dependencies.props
		Packages.props = Packages.props
	EndProjectSection
EndProject
Global
	GlobalSection(SolutionConfigurationPlatforms) = preSolution
		Debug|Any CPU = Debug|Any CPU
		Release|Any CPU = Release|Any CPU
	EndGlobalSection
	GlobalSection(ProjectConfigurationPlatforms) = postSolution
		{3F79DE0B-719A-4A23-A297-4705B32F1F25}.Debug|Any CPU.ActiveCfg = Debug|Any CPU
		{3F79DE0B-719A-4A23-A297-4705B32F1F25}.Debug|Any CPU.Build.0 = Debug|Any CPU
		{3F79DE0B-719A-4A23-A297-4705B32F1F25}.Release|Any CPU.ActiveCfg = Release|Any CPU
		{3F79DE0B-719A-4A23-A297-4705B32F1F25}.Release|Any CPU.Build.0 = Release|Any CPU
		{B20C582A-07DE-45BB-86CC-C6FA8CD7674B}.Debug|Any CPU.ActiveCfg = Debug|Any CPU
		{B20C582A-07DE-45BB-86CC-C6FA8CD7674B}.Debug|Any CPU.Build.0 = Debug|Any CPU
		{B20C582A-07DE-45BB-86CC-C6FA8CD7674B}.Release|Any CPU.ActiveCfg = Release|Any CPU
		{B20C582A-07DE-45BB-86CC-C6FA8CD7674B}.Release|Any CPU.Build.0 = Release|Any CPU
		{896A8786-6724-4AF6-B31F-8C37F3F25EE7}.Debug|Any CPU.ActiveCfg = Debug|Any CPU
		{896A8786-6724-4AF6-B31F-8C37F3F25EE7}.Debug|Any CPU.Build.0 = Debug|Any CPU
		{896A8786-6724-4AF6-B31F-8C37F3F25EE7}.Release|Any CPU.ActiveCfg = Release|Any CPU
		{896A8786-6724-4AF6-B31F-8C37F3F25EE7}.Release|Any CPU.Build.0 = Release|Any CPU
		{896803A2-5767-4C36-AB51-52104B583997}.Debug|Any CPU.ActiveCfg = Debug|Any CPU
		{896803A2-5767-4C36-AB51-52104B583997}.Debug|Any CPU.Build.0 = Debug|Any CPU
		{896803A2-5767-4C36-AB51-52104B583997}.Release|Any CPU.ActiveCfg = Release|Any CPU
		{896803A2-5767-4C36-AB51-52104B583997}.Release|Any CPU.Build.0 = Release|Any CPU
		{5AED1D8C-6582-4806-8D4D-DB8464D3D14A}.Debug|Any CPU.ActiveCfg = Debug|Any CPU
		{5AED1D8C-6582-4806-8D4D-DB8464D3D14A}.Debug|Any CPU.Build.0 = Debug|Any CPU
		{5AED1D8C-6582-4806-8D4D-DB8464D3D14A}.Release|Any CPU.ActiveCfg = Release|Any CPU
		{5AED1D8C-6582-4806-8D4D-DB8464D3D14A}.Release|Any CPU.Build.0 = Release|Any CPU
		{A1397B60-2495-43C1-AD03-641375E97A12}.Debug|Any CPU.ActiveCfg = Debug|Any CPU
		{A1397B60-2495-43C1-AD03-641375E97A12}.Debug|Any CPU.Build.0 = Debug|Any CPU
		{A1397B60-2495-43C1-AD03-641375E97A12}.Release|Any CPU.ActiveCfg = Release|Any CPU
		{A1397B60-2495-43C1-AD03-641375E97A12}.Release|Any CPU.Build.0 = Release|Any CPU
		{906D9CFF-086C-4349-80A8-C887A0A78411}.Debug|Any CPU.ActiveCfg = Debug|Any CPU
		{906D9CFF-086C-4349-80A8-C887A0A78411}.Debug|Any CPU.Build.0 = Debug|Any CPU
		{906D9CFF-086C-4349-80A8-C887A0A78411}.Release|Any CPU.ActiveCfg = Release|Any CPU
		{906D9CFF-086C-4349-80A8-C887A0A78411}.Release|Any CPU.Build.0 = Release|Any CPU
		{834C4CBB-8E7C-4EE4-A990-2ED82A981CF5}.Debug|Any CPU.ActiveCfg = Debug|Any CPU
		{834C4CBB-8E7C-4EE4-A990-2ED82A981CF5}.Debug|Any CPU.Build.0 = Debug|Any CPU
		{834C4CBB-8E7C-4EE4-A990-2ED82A981CF5}.Release|Any CPU.ActiveCfg = Release|Any CPU
		{834C4CBB-8E7C-4EE4-A990-2ED82A981CF5}.Release|Any CPU.Build.0 = Release|Any CPU
		{682DCCA4-8095-4D43-93AA-5820FBF310CD}.Debug|Any CPU.ActiveCfg = Debug|Any CPU
		{682DCCA4-8095-4D43-93AA-5820FBF310CD}.Debug|Any CPU.Build.0 = Debug|Any CPU
		{682DCCA4-8095-4D43-93AA-5820FBF310CD}.Release|Any CPU.ActiveCfg = Release|Any CPU
		{682DCCA4-8095-4D43-93AA-5820FBF310CD}.Release|Any CPU.Build.0 = Release|Any CPU
		{68035701-B3DE-4C9B-81EA-01424BEE2D59}.Debug|Any CPU.ActiveCfg = Debug|Any CPU
		{68035701-B3DE-4C9B-81EA-01424BEE2D59}.Debug|Any CPU.Build.0 = Debug|Any CPU
		{68035701-B3DE-4C9B-81EA-01424BEE2D59}.Release|Any CPU.ActiveCfg = Release|Any CPU
		{68035701-B3DE-4C9B-81EA-01424BEE2D59}.Release|Any CPU.Build.0 = Release|Any CPU
		{59ED9E4F-1518-4966-BABC-75CF77E56810}.Debug|Any CPU.ActiveCfg = Debug|Any CPU
		{59ED9E4F-1518-4966-BABC-75CF77E56810}.Debug|Any CPU.Build.0 = Debug|Any CPU
		{59ED9E4F-1518-4966-BABC-75CF77E56810}.Release|Any CPU.ActiveCfg = Release|Any CPU
		{59ED9E4F-1518-4966-BABC-75CF77E56810}.Release|Any CPU.Build.0 = Release|Any CPU
		{7FDD44CB-1B3F-4AA3-AE51-394BCD8D5B86}.Debug|Any CPU.ActiveCfg = Debug|Any CPU
		{7FDD44CB-1B3F-4AA3-AE51-394BCD8D5B86}.Debug|Any CPU.Build.0 = Debug|Any CPU
		{7FDD44CB-1B3F-4AA3-AE51-394BCD8D5B86}.Release|Any CPU.ActiveCfg = Release|Any CPU
		{7FDD44CB-1B3F-4AA3-AE51-394BCD8D5B86}.Release|Any CPU.Build.0 = Release|Any CPU
	EndGlobalSection
	GlobalSection(SolutionProperties) = preSolution
		HideSolutionNode = FALSE
	EndGlobalSection
	GlobalSection(NestedProjects) = preSolution
		{3F79DE0B-719A-4A23-A297-4705B32F1F25} = {3512B90C-D6F0-49C8-BB9B-8CA839D51D12}
		{B20C582A-07DE-45BB-86CC-C6FA8CD7674B} = {3512B90C-D6F0-49C8-BB9B-8CA839D51D12}
		{896A8786-6724-4AF6-B31F-8C37F3F25EE7} = {3512B90C-D6F0-49C8-BB9B-8CA839D51D12}
		{896803A2-5767-4C36-AB51-52104B583997} = {66C1590F-8A55-4823-AB62-99F78BAEE9B9}
		{5AED1D8C-6582-4806-8D4D-DB8464D3D14A} = {66C1590F-8A55-4823-AB62-99F78BAEE9B9}
		{A1397B60-2495-43C1-AD03-641375E97A12} = {66C1590F-8A55-4823-AB62-99F78BAEE9B9}
		{906D9CFF-086C-4349-80A8-C887A0A78411} = {66C1590F-8A55-4823-AB62-99F78BAEE9B9}
		{834C4CBB-8E7C-4EE4-A990-2ED82A981CF5} = {66C1590F-8A55-4823-AB62-99F78BAEE9B9}
		{682DCCA4-8095-4D43-93AA-5820FBF310CD} = {66C1590F-8A55-4823-AB62-99F78BAEE9B9}
		{68035701-B3DE-4C9B-81EA-01424BEE2D59} = {66C1590F-8A55-4823-AB62-99F78BAEE9B9}
		{59ED9E4F-1518-4966-BABC-75CF77E56810} = {66C1590F-8A55-4823-AB62-99F78BAEE9B9}
		{7FDD44CB-1B3F-4AA3-AE51-394BCD8D5B86} = {3512B90C-D6F0-49C8-BB9B-8CA839D51D12}
	EndGlobalSection
	GlobalSection(ExtensibilityGlobals) = postSolution
		SolutionGuid = {841597E8-F2D2-4ADC-AC89-763EBFDD08A7}
		EnterpriseLibraryConfigurationToolBinariesPath = packages\Unity.2.1.505.0\lib\NET35
	EndGlobalSection
EndGlobal
