
Microsoft Visual Studio Solution File, Format Version 12.00
# Visual Studio 15
VisualStudioVersion = 15.0.26730.3
MinimumVisualStudioVersion = 10.0.40219.1
Project("{9A19103F-16F7-4668-BE54-9A1E7A4F7556}") = "CF.Library.Core", "CF.Library.Core\CF.Library.Core.csproj", "{D31250E4-F1F8-41C8-91C9-C1C32AFF6D14}"
EndProject
Project("{9A19103F-16F7-4668-BE54-9A1E7A4F7556}") = "CF.Library.Patterns", "CF.Library.Patterns\CF.Library.Patterns.csproj", "{5846B671-B762-4C2B-BA55-1CC573DC4B11}"
EndProject
Project("{9A19103F-16F7-4668-BE54-9A1E7A4F7556}") = "CF.Library.Wpf", "CF.Library.Wpf\CF.Library.Wpf.csproj", "{23A873CF-232D-45ED-930F-2D0A4D804D7C}"
EndProject
Project("{9A19103F-16F7-4668-BE54-9A1E7A4F7556}") = "CF.Library.Testing", "CF.Library.Testing\CF.Library.Testing.csproj", "{43392AB1-FA59-47F4-9A1C-734C1E6D5471}"
EndProject
Project("{9A19103F-16F7-4668-BE54-9A1E7A4F7556}") = "CF.Library.Json", "CF.Library.Json\CF.Library.Json.csproj", "{0FA59EB9-DCFD-44C3-892F-D4F568509FE7}"
EndProject
Project("{9A19103F-16F7-4668-BE54-9A1E7A4F7556}") = "CF.Library.Database", "CF.Library.Database\CF.Library.Database.csproj", "{BD57B0E8-D49A-4E0B-98B2-8AACEE1A2764}"
EndProject
Project("{9A19103F-16F7-4668-BE54-9A1E7A4F7556}") = "CF.Library.Unity", "CF.Library.Unity\CF.Library.Unity.csproj", "{092BE6C8-0345-4D88-B50A-D6CB73225D09}"
EndProject
Project("{2150E333-8FDC-42A3-9474-1A3956D46DE8}") = "Tests", "Tests", "{3512B90C-D6F0-49C8-BB9B-8CA839D51D12}"
EndProject
Project("{9A19103F-16F7-4668-BE54-9A1E7A4F7556}") = "CF.Library.Core.Tests", "Tests\CF.Library.Core.Tests\CF.Library.Core.Tests.csproj", "{3F79DE0B-719A-4A23-A297-4705B32F1F25}"
EndProject
Project("{9A19103F-16F7-4668-BE54-9A1E7A4F7556}") = "CF.Library.Database.Tests", "Tests\CF.Library.Database.Tests\CF.Library.Database.Tests.csproj", "{B20C582A-07DE-45BB-86CC-C6FA8CD7674B}"
EndProject
Project("{9A19103F-16F7-4668-BE54-9A1E7A4F7556}") = "CF.Library.Unity.Tests", "Tests\CF.Library.Unity.Tests\CF.Library.Unity.Tests.csproj", "{3368A8D8-E4BD-4155-8062-41739D8E6DD5}"
EndProject
Project("{9A19103F-16F7-4668-BE54-9A1E7A4F7556}") = "CF.Library.Logging", "CF.Library.Logging\CF.Library.Logging.csproj", "{E89B1BCF-08E3-416D-B6FA-B7AC3D71F523}"
EndProject
Project("{9A19103F-16F7-4668-BE54-9A1E7A4F7556}") = "CF.Library.Logging.Tests", "Tests\CF.Library.Logging.Tests\CF.Library.Logging.Tests.csproj", "{544512B8-138B-4679-815A-134C1DD96DD1}"
EndProject
Project("{9A19103F-16F7-4668-BE54-9A1E7A4F7556}") = "CF.Library.Wpf.Tests", "Tests\CF.Library.Wpf.Tests\CF.Library.Wpf.Tests.csproj", "{896A8786-6724-4AF6-B31F-8C37F3F25EE7}"
EndProject
Project("{9A19103F-16F7-4668-BE54-9A1E7A4F7556}") = "CF.Library.Configuration", "CF.Library.Configuration\CF.Library.Configuration.csproj", "{40E3E7FA-2CDA-4B9A-8952-8802F7C76795}"
EndProject
Project("{9A19103F-16F7-4668-BE54-9A1E7A4F7556}") = "CF.Library.ConsoleApplication", "CF.Library.ConsoleApplication\CF.Library.ConsoleApplication.csproj", "{FEB166E1-0C13-4911-800C-E4B3FA330165}"
EndProject
Global
	GlobalSection(SolutionConfigurationPlatforms) = preSolution
		Debug|Any CPU = Debug|Any CPU
		Release|Any CPU = Release|Any CPU
	EndGlobalSection
	GlobalSection(ProjectConfigurationPlatforms) = postSolution
		{D31250E4-F1F8-41C8-91C9-C1C32AFF6D14}.Debug|Any CPU.ActiveCfg = Debug|Any CPU
		{D31250E4-F1F8-41C8-91C9-C1C32AFF6D14}.Debug|Any CPU.Build.0 = Debug|Any CPU
		{D31250E4-F1F8-41C8-91C9-C1C32AFF6D14}.Release|Any CPU.ActiveCfg = Release|Any CPU
		{D31250E4-F1F8-41C8-91C9-C1C32AFF6D14}.Release|Any CPU.Build.0 = Release|Any CPU
		{5846B671-B762-4C2B-BA55-1CC573DC4B11}.Debug|Any CPU.ActiveCfg = Debug|Any CPU
		{5846B671-B762-4C2B-BA55-1CC573DC4B11}.Debug|Any CPU.Build.0 = Debug|Any CPU
		{5846B671-B762-4C2B-BA55-1CC573DC4B11}.Release|Any CPU.ActiveCfg = Release|Any CPU
		{5846B671-B762-4C2B-BA55-1CC573DC4B11}.Release|Any CPU.Build.0 = Release|Any CPU
		{23A873CF-232D-45ED-930F-2D0A4D804D7C}.Debug|Any CPU.ActiveCfg = Debug|Any CPU
		{23A873CF-232D-45ED-930F-2D0A4D804D7C}.Debug|Any CPU.Build.0 = Debug|Any CPU
		{23A873CF-232D-45ED-930F-2D0A4D804D7C}.Release|Any CPU.ActiveCfg = Release|Any CPU
		{23A873CF-232D-45ED-930F-2D0A4D804D7C}.Release|Any CPU.Build.0 = Release|Any CPU
		{43392AB1-FA59-47F4-9A1C-734C1E6D5471}.Debug|Any CPU.ActiveCfg = Debug|Any CPU
		{43392AB1-FA59-47F4-9A1C-734C1E6D5471}.Debug|Any CPU.Build.0 = Debug|Any CPU
		{43392AB1-FA59-47F4-9A1C-734C1E6D5471}.Release|Any CPU.ActiveCfg = Release|Any CPU
		{43392AB1-FA59-47F4-9A1C-734C1E6D5471}.Release|Any CPU.Build.0 = Release|Any CPU
		{0FA59EB9-DCFD-44C3-892F-D4F568509FE7}.Debug|Any CPU.ActiveCfg = Debug|Any CPU
		{0FA59EB9-DCFD-44C3-892F-D4F568509FE7}.Debug|Any CPU.Build.0 = Debug|Any CPU
		{0FA59EB9-DCFD-44C3-892F-D4F568509FE7}.Release|Any CPU.ActiveCfg = Release|Any CPU
		{0FA59EB9-DCFD-44C3-892F-D4F568509FE7}.Release|Any CPU.Build.0 = Release|Any CPU
		{BD57B0E8-D49A-4E0B-98B2-8AACEE1A2764}.Debug|Any CPU.ActiveCfg = Debug|Any CPU
		{BD57B0E8-D49A-4E0B-98B2-8AACEE1A2764}.Debug|Any CPU.Build.0 = Debug|Any CPU
		{BD57B0E8-D49A-4E0B-98B2-8AACEE1A2764}.Release|Any CPU.ActiveCfg = Release|Any CPU
		{BD57B0E8-D49A-4E0B-98B2-8AACEE1A2764}.Release|Any CPU.Build.0 = Release|Any CPU
		{092BE6C8-0345-4D88-B50A-D6CB73225D09}.Debug|Any CPU.ActiveCfg = Debug|Any CPU
		{092BE6C8-0345-4D88-B50A-D6CB73225D09}.Debug|Any CPU.Build.0 = Debug|Any CPU
		{092BE6C8-0345-4D88-B50A-D6CB73225D09}.Release|Any CPU.ActiveCfg = Release|Any CPU
		{092BE6C8-0345-4D88-B50A-D6CB73225D09}.Release|Any CPU.Build.0 = Release|Any CPU
		{3F79DE0B-719A-4A23-A297-4705B32F1F25}.Debug|Any CPU.ActiveCfg = Debug|Any CPU
		{3F79DE0B-719A-4A23-A297-4705B32F1F25}.Debug|Any CPU.Build.0 = Debug|Any CPU
		{3F79DE0B-719A-4A23-A297-4705B32F1F25}.Release|Any CPU.ActiveCfg = Release|Any CPU
		{3F79DE0B-719A-4A23-A297-4705B32F1F25}.Release|Any CPU.Build.0 = Release|Any CPU
		{B20C582A-07DE-45BB-86CC-C6FA8CD7674B}.Debug|Any CPU.ActiveCfg = Debug|Any CPU
		{B20C582A-07DE-45BB-86CC-C6FA8CD7674B}.Debug|Any CPU.Build.0 = Debug|Any CPU
		{B20C582A-07DE-45BB-86CC-C6FA8CD7674B}.Release|Any CPU.ActiveCfg = Release|Any CPU
		{B20C582A-07DE-45BB-86CC-C6FA8CD7674B}.Release|Any CPU.Build.0 = Release|Any CPU
		{3368A8D8-E4BD-4155-8062-41739D8E6DD5}.Debug|Any CPU.ActiveCfg = Debug|Any CPU
		{3368A8D8-E4BD-4155-8062-41739D8E6DD5}.Debug|Any CPU.Build.0 = Debug|Any CPU
		{3368A8D8-E4BD-4155-8062-41739D8E6DD5}.Release|Any CPU.ActiveCfg = Release|Any CPU
		{3368A8D8-E4BD-4155-8062-41739D8E6DD5}.Release|Any CPU.Build.0 = Release|Any CPU
		{E89B1BCF-08E3-416D-B6FA-B7AC3D71F523}.Debug|Any CPU.ActiveCfg = Debug|Any CPU
		{E89B1BCF-08E3-416D-B6FA-B7AC3D71F523}.Debug|Any CPU.Build.0 = Debug|Any CPU
		{E89B1BCF-08E3-416D-B6FA-B7AC3D71F523}.Release|Any CPU.ActiveCfg = Release|Any CPU
		{E89B1BCF-08E3-416D-B6FA-B7AC3D71F523}.Release|Any CPU.Build.0 = Release|Any CPU
		{544512B8-138B-4679-815A-134C1DD96DD1}.Debug|Any CPU.ActiveCfg = Debug|Any CPU
		{544512B8-138B-4679-815A-134C1DD96DD1}.Debug|Any CPU.Build.0 = Debug|Any CPU
		{544512B8-138B-4679-815A-134C1DD96DD1}.Release|Any CPU.ActiveCfg = Release|Any CPU
		{544512B8-138B-4679-815A-134C1DD96DD1}.Release|Any CPU.Build.0 = Release|Any CPU
		{896A8786-6724-4AF6-B31F-8C37F3F25EE7}.Debug|Any CPU.ActiveCfg = Debug|Any CPU
		{896A8786-6724-4AF6-B31F-8C37F3F25EE7}.Debug|Any CPU.Build.0 = Debug|Any CPU
		{896A8786-6724-4AF6-B31F-8C37F3F25EE7}.Release|Any CPU.ActiveCfg = Release|Any CPU
		{896A8786-6724-4AF6-B31F-8C37F3F25EE7}.Release|Any CPU.Build.0 = Release|Any CPU
		{40E3E7FA-2CDA-4B9A-8952-8802F7C76795}.Debug|Any CPU.ActiveCfg = Debug|Any CPU
		{40E3E7FA-2CDA-4B9A-8952-8802F7C76795}.Debug|Any CPU.Build.0 = Debug|Any CPU
		{40E3E7FA-2CDA-4B9A-8952-8802F7C76795}.Release|Any CPU.ActiveCfg = Release|Any CPU
		{40E3E7FA-2CDA-4B9A-8952-8802F7C76795}.Release|Any CPU.Build.0 = Release|Any CPU
		{FEB166E1-0C13-4911-800C-E4B3FA330165}.Debug|Any CPU.ActiveCfg = Debug|Any CPU
		{FEB166E1-0C13-4911-800C-E4B3FA330165}.Debug|Any CPU.Build.0 = Debug|Any CPU
		{FEB166E1-0C13-4911-800C-E4B3FA330165}.Release|Any CPU.ActiveCfg = Release|Any CPU
		{FEB166E1-0C13-4911-800C-E4B3FA330165}.Release|Any CPU.Build.0 = Release|Any CPU
	EndGlobalSection
	GlobalSection(SolutionProperties) = preSolution
		HideSolutionNode = FALSE
	EndGlobalSection
	GlobalSection(NestedProjects) = preSolution
		{3F79DE0B-719A-4A23-A297-4705B32F1F25} = {3512B90C-D6F0-49C8-BB9B-8CA839D51D12}
		{B20C582A-07DE-45BB-86CC-C6FA8CD7674B} = {3512B90C-D6F0-49C8-BB9B-8CA839D51D12}
		{3368A8D8-E4BD-4155-8062-41739D8E6DD5} = {3512B90C-D6F0-49C8-BB9B-8CA839D51D12}
		{544512B8-138B-4679-815A-134C1DD96DD1} = {3512B90C-D6F0-49C8-BB9B-8CA839D51D12}
		{896A8786-6724-4AF6-B31F-8C37F3F25EE7} = {3512B90C-D6F0-49C8-BB9B-8CA839D51D12}
	EndGlobalSection
	GlobalSection(ExtensibilityGlobals) = postSolution
		SolutionGuid = {841597E8-F2D2-4ADC-AC89-763EBFDD08A7}
		EnterpriseLibraryConfigurationToolBinariesPath = packages\Unity.2.1.505.0\lib\NET35
	EndGlobalSection
EndGlobal
