
Microsoft Visual Studio Solution File, Format Version 12.00
# Visual Studio Version 18
VisualStudioVersion = 18.1.11312.151
MinimumVisualStudioVersion = 10.0.40219.1
Project("{2150E333-8FDC-42A3-9474-1A3956D46DE8}") = "tests", "tests", "{3512B90C-D6F0-49C8-BB9B-8CA839D51D12}"
EndProject
Project("{2150E333-8FDC-42A3-9474-1A3956D46DE8}") = "src", "src", "{66C1590F-8A55-4823-AB62-99F78BAEE9B9}"
EndProject
Project("{9A19103F-16F7-4668-BE54-9A1E7A4F7556}") = "CodeFuller.Library.Bootstrap", "src\CodeFuller.Library.Bootstrap\CodeFuller.Library.Bootstrap.csproj", "{896803A2-5767-4C36-AB51-52104B583997}"
EndProject
Project("{9A19103F-16F7-4668-BE54-9A1E7A4F7556}") = "CodeFuller.Library.Configuration", "src\CodeFuller.Library.Configuration\CodeFuller.Library.Configuration.csproj", "{A1397B60-2495-43C1-AD03-641375E97A12}"
EndProject
Project("{9A19103F-16F7-4668-BE54-9A1E7A4F7556}") = "CodeFuller.Library.Logging", "src\CodeFuller.Library.Logging\CodeFuller.Library.Logging.csproj", "{682DCCA4-8095-4D43-93AA-5820FBF310CD}"
EndProject
Project("{9A19103F-16F7-4668-BE54-9A1E7A4F7556}") = "CodeFuller.Library.Wpf", "src\CodeFuller.Library.Wpf\CodeFuller.Library.Wpf.csproj", "{59ED9E4F-1518-4966-BABC-75CF77E56810}"
EndProject
Project("{9A19103F-16F7-4668-BE54-9A1E7A4F7556}") = "CodeFuller.Library.Logging.UnitTests", "tests\CodeFuller.Library.Logging.UnitTests\CodeFuller.Library.Logging.UnitTests.csproj", "{7FDD44CB-1B3F-4AA3-AE51-394BCD8D5B86}"
EndProject
Project("{2150E333-8FDC-42A3-9474-1A3956D46DE8}") = "Solution Items", "Solution Items", "{FB061D4D-84F0-4898-960D-8810227DB134}"
	ProjectSection(SolutionItems) = preProject
		CHANGELOG.md = CHANGELOG.md
		CodeFuller.Library.props = CodeFuller.Library.props
		CodeFuller.Library.src.props = CodeFuller.Library.src.props
		CodeFuller.Library.tests.props = CodeFuller.Library.tests.props
	EndProjectSection
EndProject
Project("{9A19103F-16F7-4668-BE54-9A1E7A4F7556}") = "CodeFuller.Library.Configuration.UnitTests", "tests\CodeFuller.Library.Configuration.UnitTests\CodeFuller.Library.Configuration.UnitTests.csproj", "{6B39437F-6604-4981-8405-D6BF28F70C07}"
EndProject
Project("{9A19103F-16F7-4668-BE54-9A1E7A4F7556}") = "CodeFuller.Library.Wpf.UnitTests", "tests\CodeFuller.Library.Wpf.UnitTests\CodeFuller.Library.Wpf.UnitTests.csproj", "{AF88590D-83AC-4084-BED6-5A3EA1882408}"
EndProject
Project("{2150E333-8FDC-42A3-9474-1A3956D46DE8}") = "build", "build", "{8B2B87BD-7A1B-4E60-8BDC-2CCB586D8BC5}"
	ProjectSection(SolutionItems) = preProject
		build\build-pipeline.yaml = build\build-pipeline.yaml
	EndProjectSection
EndProject
Project("{FAE04EC0-301F-11D3-BF4B-00C04F79EFBC}") = "CodeFuller.Library.Bootstrap.UnitTests", "tests\CodeFuller.Library.Bootstrap.UnitTests\CodeFuller.Library.Bootstrap.UnitTests.csproj", "{463D8DFC-37F4-4D0B-98C3-466234BF23D5}"
EndProject
Global
	GlobalSection(SolutionConfigurationPlatforms) = preSolution
		Debug|Any CPU = Debug|Any CPU
		Release|Any CPU = Release|Any CPU
	EndGlobalSection
	GlobalSection(ProjectConfigurationPlatforms) = postSolution
		{896803A2-5767-4C36-AB51-52104B583997}.Debug|Any CPU.ActiveCfg = Debug|Any CPU
		{896803A2-5767-4C36-AB51-52104B583997}.Debug|Any CPU.Build.0 = Debug|Any CPU
		{896803A2-5767-4C36-AB51-52104B583997}.Release|Any CPU.ActiveCfg = Release|Any CPU
		{896803A2-5767-4C36-AB51-52104B583997}.Release|Any CPU.Build.0 = Release|Any CPU
		{A1397B60-2495-43C1-AD03-641375E97A12}.Debug|Any CPU.ActiveCfg = Debug|Any CPU
		{A1397B60-2495-43C1-AD03-641375E97A12}.Debug|Any CPU.Build.0 = Debug|Any CPU
		{A1397B60-2495-43C1-AD03-641375E97A12}.Release|Any CPU.ActiveCfg = Release|Any CPU
		{A1397B60-2495-43C1-AD03-641375E97A12}.Release|Any CPU.Build.0 = Release|Any CPU
		{682DCCA4-8095-4D43-93AA-5820FBF310CD}.Debug|Any CPU.ActiveCfg = Debug|Any CPU
		{682DCCA4-8095-4D43-93AA-5820FBF310CD}.Debug|Any CPU.Build.0 = Debug|Any CPU
		{682DCCA4-8095-4D43-93AA-5820FBF310CD}.Release|Any CPU.ActiveCfg = Release|Any CPU
		{682DCCA4-8095-4D43-93AA-5820FBF310CD}.Release|Any CPU.Build.0 = Release|Any CPU
		{59ED9E4F-1518-4966-BABC-75CF77E56810}.Debug|Any CPU.ActiveCfg = Debug|Any CPU
		{59ED9E4F-1518-4966-BABC-75CF77E56810}.Debug|Any CPU.Build.0 = Debug|Any CPU
		{59ED9E4F-1518-4966-BABC-75CF77E56810}.Release|Any CPU.ActiveCfg = Release|Any CPU
		{59ED9E4F-1518-4966-BABC-75CF77E56810}.Release|Any CPU.Build.0 = Release|Any CPU
		{7FDD44CB-1B3F-4AA3-AE51-394BCD8D5B86}.Debug|Any CPU.ActiveCfg = Debug|Any CPU
		{7FDD44CB-1B3F-4AA3-AE51-394BCD8D5B86}.Debug|Any CPU.Build.0 = Debug|Any CPU
		{7FDD44CB-1B3F-4AA3-AE51-394BCD8D5B86}.Release|Any CPU.ActiveCfg = Release|Any CPU
		{7FDD44CB-1B3F-4AA3-AE51-394BCD8D5B86}.Release|Any CPU.Build.0 = Release|Any CPU
		{6B39437F-6604-4981-8405-D6BF28F70C07}.Debug|Any CPU.ActiveCfg = Debug|Any CPU
		{6B39437F-6604-4981-8405-D6BF28F70C07}.Debug|Any CPU.Build.0 = Debug|Any CPU
		{6B39437F-6604-4981-8405-D6BF28F70C07}.Release|Any CPU.ActiveCfg = Release|Any CPU
		{6B39437F-6604-4981-8405-D6BF28F70C07}.Release|Any CPU.Build.0 = Release|Any CPU
		{AF88590D-83AC-4084-BED6-5A3EA1882408}.Debug|Any CPU.ActiveCfg = Debug|Any CPU
		{AF88590D-83AC-4084-BED6-5A3EA1882408}.Debug|Any CPU.Build.0 = Debug|Any CPU
		{AF88590D-83AC-4084-BED6-5A3EA1882408}.Release|Any CPU.ActiveCfg = Release|Any CPU
		{AF88590D-83AC-4084-BED6-5A3EA1882408}.Release|Any CPU.Build.0 = Release|Any CPU
		{463D8DFC-37F4-4D0B-98C3-466234BF23D5}.Debug|Any CPU.ActiveCfg = Debug|Any CPU
		{463D8DFC-37F4-4D0B-98C3-466234BF23D5}.Debug|Any CPU.Build.0 = Debug|Any CPU
		{463D8DFC-37F4-4D0B-98C3-466234BF23D5}.Release|Any CPU.ActiveCfg = Release|Any CPU
		{463D8DFC-37F4-4D0B-98C3-466234BF23D5}.Release|Any CPU.Build.0 = Release|Any CPU
	EndGlobalSection
	GlobalSection(SolutionProperties) = preSolution
		HideSolutionNode = FALSE
	EndGlobalSection
	GlobalSection(NestedProjects) = preSolution
		{896803A2-5767-4C36-AB51-52104B583997} = {66C1590F-8A55-4823-AB62-99F78BAEE9B9}
		{A1397B60-2495-43C1-AD03-641375E97A12} = {66C1590F-8A55-4823-AB62-99F78BAEE9B9}
		{682DCCA4-8095-4D43-93AA-5820FBF310CD} = {66C1590F-8A55-4823-AB62-99F78BAEE9B9}
		{59ED9E4F-1518-4966-BABC-75CF77E56810} = {66C1590F-8A55-4823-AB62-99F78BAEE9B9}
		{7FDD44CB-1B3F-4AA3-AE51-394BCD8D5B86} = {3512B90C-D6F0-49C8-BB9B-8CA839D51D12}
		{6B39437F-6604-4981-8405-D6BF28F70C07} = {3512B90C-D6F0-49C8-BB9B-8CA839D51D12}
		{AF88590D-83AC-4084-BED6-5A3EA1882408} = {3512B90C-D6F0-49C8-BB9B-8CA839D51D12}
		{463D8DFC-37F4-4D0B-98C3-466234BF23D5} = {3512B90C-D6F0-49C8-BB9B-8CA839D51D12}
	EndGlobalSection
	GlobalSection(ExtensibilityGlobals) = postSolution
		SolutionGuid = {841597E8-F2D2-4ADC-AC89-763EBFDD08A7}
		EnterpriseLibraryConfigurationToolBinariesPath = packages\Unity.2.1.505.0\lib\NET35
	EndGlobalSection
EndGlobal
